
Microsoft Visual Studio Solution File, Format Version 12.00
# Visual Studio Version 16
VisualStudioVersion = 16.0.32002.261
MinimumVisualStudioVersion = 10.0.40219.1
Project("{FAE04EC0-301F-11D3-BF4B-00C04F79EFBC}") = "BombotPayment", "BombotPayment\BombotPayment.csproj", "{D63730C1-2B4D-4EAF-BE4A-DDCB4A188078}"
EndProject
Global
	GlobalSection(SolutionConfigurationPlatforms) = preSolution
		Debug|Any CPU = Debug|Any CPU
		Release|Any CPU = Release|Any CPU
	EndGlobalSection
	GlobalSection(ProjectConfigurationPlatforms) = postSolution
		{D63730C1-2B4D-4EAF-BE4A-DDCB4A188078}.Debug|Any CPU.ActiveCfg = Debug|Any CPU
		{D63730C1-2B4D-4EAF-BE4A-DDCB4A188078}.Debug|Any CPU.Build.0 = Debug|Any CPU
		{D63730C1-2B4D-4EAF-BE4A-DDCB4A188078}.Release|Any CPU.ActiveCfg = Release|Any CPU
		{D63730C1-2B4D-4EAF-BE4A-DDCB4A188078}.Release|Any CPU.Build.0 = Release|Any CPU
	EndGlobalSection
	GlobalSection(SolutionProperties) = preSolution
		HideSolutionNode = FALSE
	EndGlobalSection
	GlobalSection(ExtensibilityGlobals) = postSolution
		SolutionGuid = {10895AB7-D5AC-4408-91E4-766D3E3BADCE}
	EndGlobalSection
EndGlobal
